
Microsoft Visual Studio Solution File, Format Version 12.00
# Visual Studio 15
VisualStudioVersion = 15.0.28307.489
MinimumVisualStudioVersion = 10.0.40219.1
Project("{FAE04EC0-301F-11D3-BF4B-00C04F79EFBC}") = "DemoApp", "DemoApp\DemoApp.csproj", "{EBBBC561-502C-4561-A4DD-2E0AF188AC42}"
EndProject
Project("{2150E333-8FDC-42A3-9474-1A3956D46DE8}") = "Solution Items", "Solution Items", "{EA646A50-732D-437C-A308-0BECC0E5C124}"
	ProjectSection(SolutionItems) = preProject
		..\readme.md = ..\readme.md
	EndProjectSection
EndProject
Global
	GlobalSection(SolutionConfigurationPlatforms) = preSolution
		Debug|Any CPU = Debug|Any CPU
		Release|Any CPU = Release|Any CPU
	EndGlobalSection
	GlobalSection(ProjectConfigurationPlatforms) = postSolution
		{EBBBC561-502C-4561-A4DD-2E0AF188AC42}.Debug|Any CPU.ActiveCfg = Debug|Any CPU
		{EBBBC561-502C-4561-A4DD-2E0AF188AC42}.Debug|Any CPU.Build.0 = Debug|Any CPU
		{EBBBC561-502C-4561-A4DD-2E0AF188AC42}.Release|Any CPU.ActiveCfg = Release|Any CPU
		{EBBBC561-502C-4561-A4DD-2E0AF188AC42}.Release|Any CPU.Build.0 = Release|Any CPU
	EndGlobalSection
	GlobalSection(SolutionProperties) = preSolution
		HideSolutionNode = FALSE
	EndGlobalSection
	GlobalSection(ExtensibilityGlobals) = postSolution
		SolutionGuid = {C15D5D5A-B1FB-4C85-954D-9F6A8F3D52F7}
	EndGlobalSection
EndGlobal
